
Microsoft Visual Studio Solution File, Format Version 12.00
# Visual Studio Version 17
VisualStudioVersion = 17.6.33829.357
MinimumVisualStudioVersion = 10.0.40219.1
Project("{FAE04EC0-301F-11D3-BF4B-00C04F79EFBC}") = "ShowMsg", "ShowMsg\ShowMsg.csproj", "{0A1AFEC9-E425-4B5B-8DB5-11AF1320416D}"
EndProject
Global
	GlobalSection(SolutionConfigurationPlatforms) = preSolution
		Debug|Any CPU = Debug|Any CPU
		Release|Any CPU = Release|Any CPU
	EndGlobalSection
	GlobalSection(ProjectConfigurationPlatforms) = postSolution
		{0A1AFEC9-E425-4B5B-8DB5-11AF1320416D}.Debug|Any CPU.ActiveCfg = Debug|Any CPU
		{0A1AFEC9-E425-4B5B-8DB5-11AF1320416D}.Debug|Any CPU.Build.0 = Debug|Any CPU
		{0A1AFEC9-E425-4B5B-8DB5-11AF1320416D}.Release|Any CPU.ActiveCfg = Release|Any CPU
		{0A1AFEC9-E425-4B5B-8DB5-11AF1320416D}.Release|Any CPU.Build.0 = Release|Any CPU
	EndGlobalSection
	GlobalSection(SolutionProperties) = preSolution
		HideSolutionNode = FALSE
	EndGlobalSection
	GlobalSection(ExtensibilityGlobals) = postSolution
		SolutionGuid = {254C9DC5-FFF1-4570-9F4E-C34FED3F30A4}
	EndGlobalSection
EndGlobal
