
Microsoft Visual Studio Solution File, Format Version 12.00
# Visual Studio Version 17
VisualStudioVersion = 17.6.33829.357
MinimumVisualStudioVersion = 10.0.40219.1
Project("{FAE04EC0-301F-11D3-BF4B-00C04F79EFBC}") = "ShowMsg_Demo", "ShowMsg_Demo\ShowMsg_Demo.csproj", "{2192DF71-E8DE-4059-82FD-1C0BA95FE0E8}"
EndProject
Project("{FAE04EC0-301F-11D3-BF4B-00C04F79EFBC}") = "ShowMsg", "..\ShowMsg_DLL\ShowMsg\ShowMsg.csproj", "{0A1AFEC9-E425-4B5B-8DB5-11AF1320416D}"
EndProject
Global
	GlobalSection(SolutionConfigurationPlatforms) = preSolution
		Debug|Any CPU = Debug|Any CPU
		Release|Any CPU = Release|Any CPU
	EndGlobalSection
	GlobalSection(ProjectConfigurationPlatforms) = postSolution
		{2192DF71-E8DE-4059-82FD-1C0BA95FE0E8}.Debug|Any CPU.ActiveCfg = Debug|Any CPU
		{2192DF71-E8DE-4059-82FD-1C0BA95FE0E8}.Debug|Any CPU.Build.0 = Debug|Any CPU
		{2192DF71-E8DE-4059-82FD-1C0BA95FE0E8}.Release|Any CPU.ActiveCfg = Release|Any CPU
		{2192DF71-E8DE-4059-82FD-1C0BA95FE0E8}.Release|Any CPU.Build.0 = Release|Any CPU
		{0A1AFEC9-E425-4B5B-8DB5-11AF1320416D}.Debug|Any CPU.ActiveCfg = Debug|Any CPU
		{0A1AFEC9-E425-4B5B-8DB5-11AF1320416D}.Debug|Any CPU.Build.0 = Debug|Any CPU
		{0A1AFEC9-E425-4B5B-8DB5-11AF1320416D}.Release|Any CPU.ActiveCfg = Release|Any CPU
		{0A1AFEC9-E425-4B5B-8DB5-11AF1320416D}.Release|Any CPU.Build.0 = Release|Any CPU
	EndGlobalSection
	GlobalSection(SolutionProperties) = preSolution
		HideSolutionNode = FALSE
	EndGlobalSection
	GlobalSection(ExtensibilityGlobals) = postSolution
		SolutionGuid = {C801DA73-6FC4-4345-8622-7115BD1F10C6}
	EndGlobalSection
EndGlobal
